
Microsoft Visual Studio Solution File, Format Version 12.00
# Visual Studio Version 17
VisualStudioVersion = 17.0.31903.59
MinimumVisualStudioVersion = 10.0.40219.1
Project("{FAE04EC0-301F-11D3-BF4B-00C04F79EFBC}") = "ElevenNote.SERVER", "ElevenNote.SERVER\ElevenNote.SERVER.csproj", "{0EE05CF6-3E9A-4297-A102-52AAE9152D23}"
EndProject
Project("{FAE04EC0-301F-11D3-BF4B-00C04F79EFBC}") = "ElevenNote.Shared", "ElevenNote.Shared\ElevenNote.Shared.csproj", "{C6BBE333-5183-43A0-96DA-FA301735B239}"
EndProject
Project("{FAE04EC0-301F-11D3-BF4B-00C04F79EFBC}") = "ElevenNote.WASM", "ElevenNote.WASM\ElevenNote.WASM.csproj", "{9EF373CE-67CB-4E93-8BE1-47BAE51BE8C8}"
EndProject
Global
	GlobalSection(SolutionConfigurationPlatforms) = preSolution
		Debug|Any CPU = Debug|Any CPU
		Release|Any CPU = Release|Any CPU
	EndGlobalSection
	GlobalSection(SolutionProperties) = preSolution
		HideSolutionNode = FALSE
	EndGlobalSection
	GlobalSection(ProjectConfigurationPlatforms) = postSolution
		{0EE05CF6-3E9A-4297-A102-52AAE9152D23}.Debug|Any CPU.ActiveCfg = Debug|Any CPU
		{0EE05CF6-3E9A-4297-A102-52AAE9152D23}.Debug|Any CPU.Build.0 = Debug|Any CPU
		{0EE05CF6-3E9A-4297-A102-52AAE9152D23}.Release|Any CPU.ActiveCfg = Release|Any CPU
		{0EE05CF6-3E9A-4297-A102-52AAE9152D23}.Release|Any CPU.Build.0 = Release|Any CPU
		{C6BBE333-5183-43A0-96DA-FA301735B239}.Debug|Any CPU.ActiveCfg = Debug|Any CPU
		{C6BBE333-5183-43A0-96DA-FA301735B239}.Debug|Any CPU.Build.0 = Debug|Any CPU
		{C6BBE333-5183-43A0-96DA-FA301735B239}.Release|Any CPU.ActiveCfg = Release|Any CPU
		{C6BBE333-5183-43A0-96DA-FA301735B239}.Release|Any CPU.Build.0 = Release|Any CPU
		{9EF373CE-67CB-4E93-8BE1-47BAE51BE8C8}.Debug|Any CPU.ActiveCfg = Debug|Any CPU
		{9EF373CE-67CB-4E93-8BE1-47BAE51BE8C8}.Debug|Any CPU.Build.0 = Debug|Any CPU
		{9EF373CE-67CB-4E93-8BE1-47BAE51BE8C8}.Release|Any CPU.ActiveCfg = Release|Any CPU
		{9EF373CE-67CB-4E93-8BE1-47BAE51BE8C8}.Release|Any CPU.Build.0 = Release|Any CPU
	EndGlobalSection
EndGlobal
